// !$*UTF8*$!
{
	archiveVersion = 1;
	classes = {
	};
	objectVersion = 48;
	objects = {

/* Begin PBXBuildFile section */
		C82DAF2B1F8D9D1E00BE9733 /* Photo.swift in Sources */ = {isa = PBXBuildFile; fileRef = C82DAF2A1F8D9D1E00BE9733 /* Photo.swift */; };
		C8C6D3C91F8D6FE100F4FD0B /* AppDelegate.swift in Sources */ = {isa = PBXBuildFile; fileRef = C8C6D3C81F8D6FE100F4FD0B /* AppDelegate.swift */; };
		C8C6D3CB1F8D6FE100F4FD0B /* ViewController.swift in Sources */ = {isa = PBXBuildFile; fileRef = C8C6D3CA1F8D6FE100F4FD0B /* ViewController.swift */; };
		C8C6D3CE1F8D6FE100F4FD0B /* Main.storyboard in Resources */ = {isa = PBXBuildFile; fileRef = C8C6D3CC1F8D6FE100F4FD0B /* Main.storyboard */; };
		C8C6D3D01F8D6FE100F4FD0B /* Assets.xcassets in Resources */ = {isa = PBXBuildFile; fileRef = C8C6D3CF1F8D6FE100F4FD0B /* Assets.xcassets */; };
		C8C6D3D31F8D6FE100F4FD0B /* LaunchScreen.storyboard in Resources */ = {isa = PBXBuildFile; fileRef = C8C6D3D11F8D6FE100F4FD0B /* LaunchScreen.storyboard */; };
		C8C6D3DE1F8D6FE100F4FD0B /* PhotoBrowserTests.swift in Sources */ = {isa = PBXBuildFile; fileRef = C8C6D3DD1F8D6FE100F4FD0B /* PhotoBrowserTests.swift */; };
		C8C6D3E91F8D6FE100F4FD0B /* PhotoBrowserUITests.swift in Sources */ = {isa = PBXBuildFile; fileRef = C8C6D3E81F8D6FE100F4FD0B /* PhotoBrowserUITests.swift */; };
/* End PBXBuildFile section */

/* Begin PBXContainerItemProxy section */
		C8C6D3DA1F8D6FE100F4FD0B /* PBXContainerItemProxy */ = {
			isa = PBXContainerItemProxy;
			containerPortal = C8C6D3BD1F8D6FE100F4FD0B /* Project object */;
			proxyType = 1;
			remoteGlobalIDString = C8C6D3C41F8D6FE100F4FD0B;
			remoteInfo = PhotoBrowser;
		};
		C8C6D3E51F8D6FE100F4FD0B /* PBXContainerItemProxy */ = {
			isa = PBXContainerItemProxy;
			containerPortal = C8C6D3BD1F8D6FE100F4FD0B /* Project object */;
			proxyType = 1;
			remoteGlobalIDString = C8C6D3C41F8D6FE100F4FD0B;
			remoteInfo = PhotoBrowser;
		};
/* End PBXContainerItemProxy section */

/* Begin PBXFileReference section */
		C82DAF2A1F8D9D1E00BE9733 /* Photo.swift */ = {isa = PBXFileReference; lastKnownFileType = sourcecode.swift; path = Photo.swift; sourceTree = "<group>"; };
		C8C6D3C51F8D6FE100F4FD0B /* PhotoBrowser.app */ = {isa = PBXFileReference; explicitFileType = wrapper.application; includeInIndex = 0; path = PhotoBrowser.app; sourceTree = BUILT_PRODUCTS_DIR; };
		C8C6D3C81F8D6FE100F4FD0B /* AppDelegate.swift */ = {isa = PBXFileReference; lastKnownFileType = sourcecode.swift; path = AppDelegate.swift; sourceTree = "<group>"; };
		C8C6D3CA1F8D6FE100F4FD0B /* ViewController.swift */ = {isa = PBXFileReference; lastKnownFileType = sourcecode.swift; path = ViewController.swift; sourceTree = "<group>"; };
		C8C6D3CD1F8D6FE100F4FD0B /* Base */ = {isa = PBXFileReference; lastKnownFileType = file.storyboard; name = Base; path = Base.lproj/Main.storyboard; sourceTree = "<group>"; };
		C8C6D3CF1F8D6FE100F4FD0B /* Assets.xcassets */ = {isa = PBXFileReference; lastKnownFileType = folder.assetcatalog; path = Assets.xcassets; sourceTree = "<group>"; };
		C8C6D3D21F8D6FE100F4FD0B /* Base */ = {isa = PBXFileReference; lastKnownFileType = file.storyboard; name = Base; path = Base.lproj/LaunchScreen.storyboard; sourceTree = "<group>"; };
		C8C6D3D41F8D6FE100F4FD0B /* Info.plist */ = {isa = PBXFileReference; lastKnownFileType = text.plist.xml; path = Info.plist; sourceTree = "<group>"; };
		C8C6D3D91F8D6FE100F4FD0B /* PhotoBrowserTests.xctest */ = {isa = PBXFileReference; explicitFileType = wrapper.cfbundle; includeInIndex = 0; path = PhotoBrowserTests.xctest; sourceTree = BUILT_PRODUCTS_DIR; };
		C8C6D3DD1F8D6FE100F4FD0B /* PhotoBrowserTests.swift */ = {isa = PBXFileReference; lastKnownFileType = sourcecode.swift; path = PhotoBrowserTests.swift; sourceTree = "<group>"; };
		C8C6D3DF1F8D6FE100F4FD0B /* Info.plist */ = {isa = PBXFileReference; lastKnownFileType = text.plist.xml; path = Info.plist; sourceTree = "<group>"; };
		C8C6D3E41F8D6FE100F4FD0B /* PhotoBrowserUITests.xctest */ = {isa = PBXFileReference; explicitFileType = wrapper.cfbundle; includeInIndex = 0; path = PhotoBrowserUITests.xctest; sourceTree = BUILT_PRODUCTS_DIR; };
		C8C6D3E81F8D6FE100F4FD0B /* PhotoBrowserUITests.swift */ = {isa = PBXFileReference; lastKnownFileType = sourcecode.swift; path = PhotoBrowserUITests.swift; sourceTree = "<group>"; };
		C8C6D3EA1F8D6FE100F4FD0B /* Info.plist */ = {isa = PBXFileReference; lastKnownFileType = text.plist.xml; path = Info.plist; sourceTree = "<group>"; };
/* End PBXFileReference section */

/* Begin PBXFrameworksBuildPhase section */
		C8C6D3C21F8D6FE100F4FD0B /* Frameworks */ = {
			isa = PBXFrameworksBuildPhase;
			buildActionMask = 2147483647;
			files = (
			);
			runOnlyForDeploymentPostprocessing = 0;
		};
		C8C6D3D61F8D6FE100F4FD0B /* Frameworks */ = {
			isa = PBXFrameworksBuildPhase;
			buildActionMask = 2147483647;
			files = (
			);
			runOnlyForDeploymentPostprocessing = 0;
		};
		C8C6D3E11F8D6FE100F4FD0B /* Frameworks */ = {
			isa = PBXFrameworksBuildPhase;
			buildActionMask = 2147483647;
			files = (
			);
			runOnlyForDeploymentPostprocessing = 0;
		};
/* End PBXFrameworksBuildPhase section */

/* Begin PBXGroup section */
		C8C6D3BC1F8D6FE100F4FD0B = {
			isa = PBXGroup;
			children = (
				C8C6D3C71F8D6FE100F4FD0B /* PhotoBrowser */,
				C8C6D3DC1F8D6FE100F4FD0B /* PhotoBrowserTests */,
				C8C6D3E71F8D6FE100F4FD0B /* PhotoBrowserUITests */,
				C8C6D3C61F8D6FE100F4FD0B /* Products */,
			);
			sourceTree = "<group>";
		};
		C8C6D3C61F8D6FE100F4FD0B /* Products */ = {
			isa = PBXGroup;
			children = (
				C8C6D3C51F8D6FE100F4FD0B /* PhotoBrowser.app */,
				C8C6D3D91F8D6FE100F4FD0B /* PhotoBrowserTests.xctest */,
				C8C6D3E41F8D6FE100F4FD0B /* PhotoBrowserUITests.xctest */,
			);
			name = Products;
			sourceTree = "<group>";
		};
		C8C6D3C71F8D6FE100F4FD0B /* PhotoBrowser */ = {
			isa = PBXGroup;
			children = (
				C8C6D3C81F8D6FE100F4FD0B /* AppDelegate.swift */,
				C8C6D3CA1F8D6FE100F4FD0B /* ViewController.swift */,
				C8C6D3CC1F8D6FE100F4FD0B /* Main.storyboard */,
				C8C6D3CF1F8D6FE100F4FD0B /* Assets.xcassets */,
				C8C6D3D11F8D6FE100F4FD0B /* LaunchScreen.storyboard */,
				C8C6D3D41F8D6FE100F4FD0B /* Info.plist */,
				C82DAF2A1F8D9D1E00BE9733 /* Photo.swift */,
			);
			path = PhotoBrowser;
			sourceTree = "<group>";
		};
		C8C6D3DC1F8D6FE100F4FD0B /* PhotoBrowserTests */ = {
			isa = PBXGroup;
			children = (
				C8C6D3DD1F8D6FE100F4FD0B /* PhotoBrowserTests.swift */,
				C8C6D3DF1F8D6FE100F4FD0B /* Info.plist */,
			);
			path = PhotoBrowserTests;
			sourceTree = "<group>";
		};
		C8C6D3E71F8D6FE100F4FD0B /* PhotoBrowserUITests */ = {
			isa = PBXGroup;
			children = (
				C8C6D3E81F8D6FE100F4FD0B /* PhotoBrowserUITests.swift */,
				C8C6D3EA1F8D6FE100F4FD0B /* Info.plist */,
			);
			path = PhotoBrowserUITests;
			sourceTree = "<group>";
		};
/* End PBXGroup section */

/* Begin PBXNativeTarget section */
		C8C6D3C41F8D6FE100F4FD0B /* PhotoBrowser */ = {
			isa = PBXNativeTarget;
			buildConfigurationList = C8C6D3ED1F8D6FE100F4FD0B /* Build configuration list for PBXNativeTarget "PhotoBrowser" */;
			buildPhases = (
				C8C6D3C11F8D6FE100F4FD0B /* Sources */,
				C8C6D3C21F8D6FE100F4FD0B /* Frameworks */,
				C8C6D3C31F8D6FE100F4FD0B /* Resources */,
			);
			buildRules = (
			);
			dependencies = (
			);
			name = PhotoBrowser;
			productName = PhotoBrowser;
			productReference = C8C6D3C51F8D6FE100F4FD0B /* PhotoBrowser.app */;
			productType = "com.apple.product-type.application";
		};
		C8C6D3D81F8D6FE100F4FD0B /* PhotoBrowserTests */ = {
			isa = PBXNativeTarget;
			buildConfigurationList = C8C6D3F01F8D6FE100F4FD0B /* Build configuration list for PBXNativeTarget "PhotoBrowserTests" */;
			buildPhases = (
				C8C6D3D51F8D6FE100F4FD0B /* Sources */,
				C8C6D3D61F8D6FE100F4FD0B /* Frameworks */,
				C8C6D3D71F8D6FE100F4FD0B /* Resources */,
			);
			buildRules = (
			);
			dependencies = (
				C8C6D3DB1F8D6FE100F4FD0B /* PBXTargetDependency */,
			);
			name = PhotoBrowserTests;
			productName = PhotoBrowserTests;
			productReference = C8C6D3D91F8D6FE100F4FD0B /* PhotoBrowserTests.xctest */;
			productType = "com.apple.product-type.bundle.unit-test";
		};
		C8C6D3E31F8D6FE100F4FD0B /* PhotoBrowserUITests */ = {
			isa = PBXNativeTarget;
			buildConfigurationList = C8C6D3F31F8D6FE100F4FD0B /* Build configuration list for PBXNativeTarget "PhotoBrowserUITests" */;
			buildPhases = (
				C8C6D3E01F8D6FE100F4FD0B /* Sources */,
				C8C6D3E11F8D6FE100F4FD0B /* Frameworks */,
				C8C6D3E21F8D6FE100F4FD0B /* Resources */,
			);
			buildRules = (
			);
			dependencies = (
				C8C6D3E61F8D6FE100F4FD0B /* PBXTargetDependency */,
			);
			name = PhotoBrowserUITests;
			productName = PhotoBrowserUITests;
			productReference = C8C6D3E41F8D6FE100F4FD0B /* PhotoBrowserUITests.xctest */;
			productType = "com.apple.product-type.bundle.ui-testing";
		};
/* End PBXNativeTarget section */

/* Begin PBXProject section */
		C8C6D3BD1F8D6FE100F4FD0B /* Project object */ = {
			isa = PBXProject;
			attributes = {
				LastSwiftUpdateCheck = 0900;
				LastUpgradeCheck = 0900;
				ORGANIZATIONNAME = jbaumann;
				TargetAttributes = {
					C8C6D3C41F8D6FE100F4FD0B = {
						CreatedOnToolsVersion = 9.0;
						ProvisioningStyle = Automatic;
					};
					C8C6D3D81F8D6FE100F4FD0B = {
						CreatedOnToolsVersion = 9.0;
						ProvisioningStyle = Automatic;
						TestTargetID = C8C6D3C41F8D6FE100F4FD0B;
					};
					C8C6D3E31F8D6FE100F4FD0B = {
						CreatedOnToolsVersion = 9.0;
						ProvisioningStyle = Automatic;
						TestTargetID = C8C6D3C41F8D6FE100F4FD0B;
					};
				};
			};
			buildConfigurationList = C8C6D3C01F8D6FE100F4FD0B /* Build configuration list for PBXProject "PhotoBrowser" */;
			compatibilityVersion = "Xcode 8.0";
			developmentRegion = en;
			hasScannedForEncodings = 0;
			knownRegions = (
				en,
				Base,
			);
			mainGroup = C8C6D3BC1F8D6FE100F4FD0B;
			productRefGroup = C8C6D3C61F8D6FE100F4FD0B /* Products */;
			projectDirPath = "";
			projectRoot = "";
			targets = (
				C8C6D3C41F8D6FE100F4FD0B /* PhotoBrowser */,
				C8C6D3D81F8D6FE100F4FD0B /* PhotoBrowserTests */,
				C8C6D3E31F8D6FE100F4FD0B /* PhotoBrowserUITests */,
			);
		};
/* End PBXProject section */

/* Begin PBXResourcesBuildPhase section */
		C8C6D3C31F8D6FE100F4FD0B /* Resources */ = {
			isa = PBXResourcesBuildPhase;
			buildActionMask = 2147483647;
			files = (
				C8C6D3D31F8D6FE100F4FD0B /* LaunchScreen.storyboard in Resources */,
				C8C6D3D01F8D6FE100F4FD0B /* Assets.xcassets in Resources */,
				C8C6D3CE1F8D6FE100F4FD0B /* Main.storyboard in Resources */,
			);
			runOnlyForDeploymentPostprocessing = 0;
		};
		C8C6D3D71F8D6FE100F4FD0B /* Resources */ = {
			isa = PBXResourcesBuildPhase;
			buildActionMask = 2147483647;
			files = (
			);
			runOnlyForDeploymentPostprocessing = 0;
		};
		C8C6D3E21F8D6FE100F4FD0B /* Resources */ = {
			isa = PBXResourcesBuildPhase;
			buildActionMask = 2147483647;
			files = (
			);
			runOnlyForDeploymentPostprocessing = 0;
		};
/* End PBXResourcesBuildPhase section */

/* Begin PBXSourcesBuildPhase section */
		C8C6D3C11F8D6FE100F4FD0B /* Sources */ = {
			isa = PBXSourcesBuildPhase;
			buildActionMask = 2147483647;
			files = (
				C82DAF2B1F8D9D1E00BE9733 /* Photo.swift in Sources */,
				C8C6D3CB1F8D6FE100F4FD0B /* ViewController.swift in Sources */,
				C8C6D3C91F8D6FE100F4FD0B /* AppDelegate.swift in Sources */,
			);
			runOnlyForDeploymentPostprocessing = 0;
		};
		C8C6D3D51F8D6FE100F4FD0B /* Sources */ = {
			isa = PBXSourcesBuildPhase;
			buildActionMask = 2147483647;
			files = (
				C8C6D3DE1F8D6FE100F4FD0B /* PhotoBrowserTests.swift in Sources */,
			);
			runOnlyForDeploymentPostprocessing = 0;
		};
		C8C6D3E01F8D6FE100F4FD0B /* Sources */ = {
			isa = PBXSourcesBuildPhase;
			buildActionMask = 2147483647;
			files = (
				C8C6D3E91F8D6FE100F4FD0B /* PhotoBrowserUITests.swift in Sources */,
			);
			runOnlyForDeploymentPostprocessing = 0;
		};
/* End PBXSourcesBuildPhase section */

/* Begin PBXTargetDependency section */
		C8C6D3DB1F8D6FE100F4FD0B /* PBXTargetDependency */ = {
			isa = PBXTargetDependency;
			target = C8C6D3C41F8D6FE100F4FD0B /* PhotoBrowser */;
			targetProxy = C8C6D3DA1F8D6FE100F4FD0B /* PBXContainerItemProxy */;
		};
		C8C6D3E61F8D6FE100F4FD0B /* PBXTargetDependency */ = {
			isa = PBXTargetDependency;
			target = C8C6D3C41F8D6FE100F4FD0B /* PhotoBrowser */;
			targetProxy = C8C6D3E51F8D6FE100F4FD0B /* PBXContainerItemProxy */;
		};
/* End PBXTargetDependency section */

/* Begin PBXVariantGroup section */
		C8C6D3CC1F8D6FE100F4FD0B /* Main.storyboard */ = {
			isa = PBXVariantGroup;
			children = (
				C8C6D3CD1F8D6FE100F4FD0B /* Base */,
			);
			name = Main.storyboard;
			sourceTree = "<group>";
		};
		C8C6D3D11F8D6FE100F4FD0B /* LaunchScreen.storyboard */ = {
			isa = PBXVariantGroup;
			children = (
				C8C6D3D21F8D6FE100F4FD0B /* Base */,
			);
			name = LaunchScreen.storyboard;
			sourceTree = "<group>";
		};
/* End PBXVariantGroup section */

/* Begin XCBuildConfiguration section */
		C8C6D3EB1F8D6FE100F4FD0B /* Debug */ = {
			isa = XCBuildConfiguration;
			buildSettings = {
				ALWAYS_SEARCH_USER_PATHS = NO;
				CLANG_ANALYZER_NONNULL = YES;
				CLANG_ANALYZER_NUMBER_OBJECT_CONVERSION = YES_AGGRESSIVE;
				CLANG_CXX_LANGUAGE_STANDARD = "gnu++14";
				CLANG_CXX_LIBRARY = "libc++";
				CLANG_ENABLE_MODULES = YES;
				CLANG_ENABLE_OBJC_ARC = YES;
				CLANG_WARN_BLOCK_CAPTURE_AUTORELEASING = YES;
				CLANG_WARN_BOOL_CONVERSION = YES;
				CLANG_WARN_COMMA = YES;
				CLANG_WARN_CONSTANT_CONVERSION = YES;
				CLANG_WARN_DIRECT_OBJC_ISA_USAGE = YES_ERROR;
				CLANG_WARN_DOCUMENTATION_COMMENTS = YES;
				CLANG_WARN_EMPTY_BODY = YES;
				CLANG_WARN_ENUM_CONVERSION = YES;
				CLANG_WARN_INFINITE_RECURSION = YES;
				CLANG_WARN_INT_CONVERSION = YES;
				CLANG_WARN_NON_LITERAL_NULL_CONVERSION = YES;
				CLANG_WARN_OBJC_LITERAL_CONVERSION = YES;
				CLANG_WARN_OBJC_ROOT_CLASS = YES_ERROR;
				CLANG_WARN_RANGE_LOOP_ANALYSIS = YES;
				CLANG_WARN_STRICT_PROTOTYPES = YES;
				CLANG_WARN_SUSPICIOUS_MOVE = YES;
				CLANG_WARN_UNGUARDED_AVAILABILITY = YES_AGGRESSIVE;
				CLANG_WARN_UNREACHABLE_CODE = YES;
				CLANG_WARN__DUPLICATE_METHOD_MATCH = YES;
				CODE_SIGN_IDENTITY = "iPhone Developer";
				COPY_PHASE_STRIP = NO;
				DEBUG_INFORMATION_FORMAT = dwarf;
				ENABLE_STRICT_OBJC_MSGSEND = YES;
				ENABLE_TESTABILITY = YES;
				GCC_C_LANGUAGE_STANDARD = gnu11;
				GCC_DYNAMIC_NO_PIC = NO;
				GCC_NO_COMMON_BLOCKS = YES;
				GCC_OPTIMIZATION_LEVEL = 0;
				GCC_PREPROCESSOR_DEFINITIONS = (
					"DEBUG=1",
					"$(inherited)",
				);
				GCC_WARN_64_TO_32_BIT_CONVERSION = YES;
				GCC_WARN_ABOUT_RETURN_TYPE = YES_ERROR;
				GCC_WARN_UNDECLARED_SELECTOR = YES;
				GCC_WARN_UNINITIALIZED_AUTOS = YES_AGGRESSIVE;
				GCC_WARN_UNUSED_FUNCTION = YES;
				GCC_WARN_UNUSED_VARIABLE = YES;
				IPHONEOS_DEPLOYMENT_TARGET = 11.0;
				MTL_ENABLE_DEBUG_INFO = YES;
				ONLY_ACTIVE_ARCH = YES;
				SDKROOT = iphoneos;
				SWIFT_ACTIVE_COMPILATION_CONDITIONS = DEBUG;
				SWIFT_OPTIMIZATION_LEVEL = "-Onone";
			};
			name = Debug;
		};
		C8C6D3EC1F8D6FE100F4FD0B /* Release */ = {
			isa = XCBuildConfiguration;
			buildSettings = {
				ALWAYS_SEARCH_USER_PATHS = NO;
				CLANG_ANALYZER_NONNULL = YES;
				CLANG_ANALYZER_NUMBER_OBJECT_CONVERSION = YES_AGGRESSIVE;
				CLANG_CXX_LANGUAGE_STANDARD = "gnu++14";
				CLANG_CXX_LIBRARY = "libc++";
				CLANG_ENABLE_MODULES = YES;
				CLANG_ENABLE_OBJC_ARC = YES;
				CLANG_WARN_BLOCK_CAPTURE_AUTORELEASING = YES;
				CLANG_WARN_BOOL_CONVERSION = YES;
				CLANG_WARN_COMMA = YES;
				CLANG_WARN_CONSTANT_CONVERSION = YES;
				CLANG_WARN_DIRECT_OBJC_ISA_USAGE = YES_ERROR;
				CLANG_WARN_DOCUMENTATION_COMMENTS = YES;
				CLANG_WARN_EMPTY_BODY = YES;
				CLANG_WARN_ENUM_CONVERSION = YES;
				CLANG_WARN_INFINITE_RECURSION = YES;
				CLANG_WARN_INT_CONVERSION = YES;
				CLANG_WARN_NON_LITERAL_NULL_CONVERSION = YES;
				CLANG_WARN_OBJC_LITERAL_CONVERSION = YES;
				CLANG_WARN_OBJC_ROOT_CLASS = YES_ERROR;
				CLANG_WARN_RANGE_LOOP_ANALYSIS = YES;
				CLANG_WARN_STRICT_PROTOTYPES = YES;
				CLANG_WARN_SUSPICIOUS_MOVE = YES;
				CLANG_WARN_UNGUARDED_AVAILABILITY = YES_AGGRESSIVE;
				CLANG_WARN_UNREACHABLE_CODE = YES;
				CLANG_WARN__DUPLICATE_METHOD_MATCH = YES;
				CODE_SIGN_IDENTITY = "iPhone Developer";
				COPY_PHASE_STRIP = NO;
				DEBUG_INFORMATION_FORMAT = "dwarf-with-dsym";
				ENABLE_NS_ASSERTIONS = NO;
				ENABLE_STRICT_OBJC_MSGSEND = YES;
				GCC_C_LANGUAGE_STANDARD = gnu11;
				GCC_NO_COMMON_BLOCKS = YES;
				GCC_WARN_64_TO_32_BIT_CONVERSION = YES;
				GCC_WARN_ABOUT_RETURN_TYPE = YES_ERROR;
				GCC_WARN_UNDECLARED_SELECTOR = YES;
				GCC_WARN_UNINITIALIZED_AUTOS = YES_AGGRESSIVE;
				GCC_WARN_UNUSED_FUNCTION = YES;
				GCC_WARN_UNUSED_VARIABLE = YES;
				IPHONEOS_DEPLOYMENT_TARGET = 11.0;
				MTL_ENABLE_DEBUG_INFO = NO;
				SDKROOT = iphoneos;
				SWIFT_OPTIMIZATION_LEVEL = "-Owholemodule";
				VALIDATE_PRODUCT = YES;
			};
			name = Release;
		};
		C8C6D3EE1F8D6FE100F4FD0B /* Debug */ = {
			isa = XCBuildConfiguration;
			buildSettings = {
				ASSETCATALOG_COMPILER_APPICON_NAME = AppIcon;
				CODE_SIGN_STYLE = Automatic;
				INFOPLIST_FILE = PhotoBrowser/Info.plist;
				LD_RUNPATH_SEARCH_PATHS = "$(inherited) @executable_path/Frameworks";
				PRODUCT_BUNDLE_IDENTIFIER = jbaumann.PhotoBrowser;
				PRODUCT_NAME = "$(TARGET_NAME)";
				SWIFT_VERSION = 4.0;
				TARGETED_DEVICE_FAMILY = "1,2";
			};
			name = Debug;
		};
		C8C6D3EF1F8D6FE100F4FD0B /* Release */ = {
			isa = XCBuildConfiguration;
			buildSettings = {
				ASSETCATALOG_COMPILER_APPICON_NAME = AppIcon;
				CODE_SIGN_STYLE = Automatic;
				INFOPLIST_FILE = PhotoBrowser/Info.plist;
				LD_RUNPATH_SEARCH_PATHS = "$(inherited) @executable_path/Frameworks";
				PRODUCT_BUNDLE_IDENTIFIER = jbaumann.PhotoBrowser;
				PRODUCT_NAME = "$(TARGET_NAME)";
				SWIFT_VERSION = 4.0;
				TARGETED_DEVICE_FAMILY = "1,2";
			};
			name = Release;
		};
		C8C6D3F11F8D6FE100F4FD0B /* Debug */ = {
			isa = XCBuildConfiguration;
			buildSettings = {
				ALWAYS_EMBED_SWIFT_STANDARD_LIBRARIES = YES;
				BUNDLE_LOADER = "$(TEST_HOST)";
				CODE_SIGN_STYLE = Automatic;
				INFOPLIST_FILE = PhotoBrowserTests/Info.plist;
				LD_RUNPATH_SEARCH_PATHS = "$(inherited) @executable_path/Frameworks @loader_path/Frameworks";
				PRODUCT_BUNDLE_IDENTIFIER = jbaumann.PhotoBrowserTests;
				PRODUCT_NAME = "$(TARGET_NAME)";
				SWIFT_VERSION = 4.0;
				TARGETED_DEVICE_FAMILY = "1,2";
				TEST_HOST = "$(BUILT_PRODUCTS_DIR)/PhotoBrowser.app/PhotoBrowser";
			};
			name = Debug;
		};
		C8C6D3F21F8D6FE100F4FD0B /* Release */ = {
			isa = XCBuildConfiguration;
			buildSettings = {
				ALWAYS_EMBED_SWIFT_STANDARD_LIBRARIES = YES;
				BUNDLE_LOADER = "$(TEST_HOST)";
				CODE_SIGN_STYLE = Automatic;
				INFOPLIST_FILE = PhotoBrowserTests/Info.plist;
				LD_RUNPATH_SEARCH_PATHS = "$(inherited) @executable_path/Frameworks @loader_path/Frameworks";
				PRODUCT_BUNDLE_IDENTIFIER = jbaumann.PhotoBrowserTests;
				PRODUCT_NAME = "$(TARGET_NAME)";
				SWIFT_VERSION = 4.0;
				TARGETED_DEVICE_FAMILY = "1,2";
				TEST_HOST = "$(BUILT_PRODUCTS_DIR)/PhotoBrowser.app/PhotoBrowser";
			};
			name = Release;
		};
		C8C6D3F41F8D6FE100F4FD0B /* Debug */ = {
			isa = XCBuildConfiguration;
			buildSettings = {
				ALWAYS_EMBED_SWIFT_STANDARD_LIBRARIES = YES;
				CODE_SIGN_STYLE = Automatic;
				INFOPLIST_FILE = PhotoBrowserUITests/Info.plist;
				LD_RUNPATH_SEARCH_PATHS = "$(inherited) @executable_path/Frameworks @loader_path/Frameworks";
				PRODUCT_BUNDLE_IDENTIFIER = jbaumann.PhotoBrowserUITests;
				PRODUCT_NAME = "$(TARGET_NAME)";
				SWIFT_VERSION = 4.0;
				TARGETED_DEVICE_FAMILY = "1,2";
				TEST_TARGET_NAME = PhotoBrowser;
			};
			name = Debug;
		};
		C8C6D3F51F8D6FE100F4FD0B /* Release */ = {
			isa = XCBuildConfiguration;
			buildSettings = {
				ALWAYS_EMBED_SWIFT_STANDARD_LIBRARIES = YES;
				CODE_SIGN_STYLE = Automatic;
				INFOPLIST_FILE = PhotoBrowserUITests/Info.plist;
				LD_RUNPATH_SEARCH_PATHS = "$(inherited) @executable_path/Frameworks @loader_path/Frameworks";
				PRODUCT_BUNDLE_IDENTIFIER = jbaumann.PhotoBrowserUITests;
				PRODUCT_NAME = "$(TARGET_NAME)";
				SWIFT_VERSION = 4.0;
				TARGETED_DEVICE_FAMILY = "1,2";
				TEST_TARGET_NAME = PhotoBrowser;
			};
			name = Release;
		};
/* End XCBuildConfiguration section */

/* Begin XCConfigurationList section */
		C8C6D3C01F8D6FE100F4FD0B /* Build configuration list for PBXProject "PhotoBrowser" */ = {
			isa = XCConfigurationList;
			buildConfigurations = (
				C8C6D3EB1F8D6FE100F4FD0B /* Debug */,
				C8C6D3EC1F8D6FE100F4FD0B /* Release */,
			);
			defaultConfigurationIsVisible = 0;
			defaultConfigurationName = Release;
		};
		C8C6D3ED1F8D6FE100F4FD0B /* Build configuration list for PBXNativeTarget "PhotoBrowser" */ = {
			isa = XCConfigurationList;
			buildConfigurations = (
				C8C6D3EE1F8D6FE100F4FD0B /* Debug */,
				C8C6D3EF1F8D6FE100F4FD0B /* Release */,
			);
			defaultConfigurationIsVisible = 0;
			defaultConfigurationName = Release;
		};
		C8C6D3F01F8D6FE100F4FD0B /* Build configuration list for PBXNativeTarget "PhotoBrowserTests" */ = {
			isa = XCConfigurationList;
			buildConfigurations = (
				C8C6D3F11F8D6FE100F4FD0B /* Debug */,
				C8C6D3F21F8D6FE100F4FD0B /* Release */,
			);
			defaultConfigurationIsVisible = 0;
			defaultConfigurationName = Release;
		};
		C8C6D3F31F8D6FE100F4FD0B /* Build configuration list for PBXNativeTarget "PhotoBrowserUITests" */ = {
			isa = XCConfigurationList;
			buildConfigurations = (
				C8C6D3F41F8D6FE100F4FD0B /* Debug */,
				C8C6D3F51F8D6FE100F4FD0B /* Release */,
			);
			defaultConfigurationIsVisible = 0;
			defaultConfigurationName = Release;
		};
/* End XCConfigurationList section */
	};
	rootObject = C8C6D3BD1F8D6FE100F4FD0B /* Project object */;
}
