// !$*UTF8*$!
{
	archiveVersion = 1;
	classes = {
	};
	objectVersion = 46;
	objects = {

/* Begin PBXBuildFile section */
		C84D17D41F71BAF700DDB0FB /* AppDelegate.swift in Sources */ = {isa = PBXBuildFile; fileRef = C84D17D31F71BAF700DDB0FB /* AppDelegate.swift */; };
		C84D17D61F71BAF700DDB0FB /* ViewController.swift in Sources */ = {isa = PBXBuildFile; fileRef = C84D17D51F71BAF700DDB0FB /* ViewController.swift */; };
		C84D17D91F71BAF700DDB0FB /* Main.storyboard in Resources */ = {isa = PBXBuildFile; fileRef = C84D17D71F71BAF700DDB0FB /* Main.storyboard */; };
		C84D17DB1F71BAF700DDB0FB /* Assets.xcassets in Resources */ = {isa = PBXBuildFile; fileRef = C84D17DA1F71BAF700DDB0FB /* Assets.xcassets */; };
		C84D17DE1F71BAF700DDB0FB /* LaunchScreen.storyboard in Resources */ = {isa = PBXBuildFile; fileRef = C84D17DC1F71BAF700DDB0FB /* LaunchScreen.storyboard */; };
		C84D17E91F71BAF800DDB0FB /* ProjectOneTests.swift in Sources */ = {isa = PBXBuildFile; fileRef = C84D17E81F71BAF800DDB0FB /* ProjectOneTests.swift */; };
		C84D17F41F71BAF800DDB0FB /* ProjectOneUITests.swift in Sources */ = {isa = PBXBuildFile; fileRef = C84D17F31F71BAF800DDB0FB /* ProjectOneUITests.swift */; };
/* End PBXBuildFile section */

/* Begin PBXContainerItemProxy section */
		C84D17E51F71BAF800DDB0FB /* PBXContainerItemProxy */ = {
			isa = PBXContainerItemProxy;
			containerPortal = C84D17C81F71BAF700DDB0FB /* Project object */;
			proxyType = 1;
			remoteGlobalIDString = C84D17CF1F71BAF700DDB0FB;
			remoteInfo = ProjectOne;
		};
		C84D17F01F71BAF800DDB0FB /* PBXContainerItemProxy */ = {
			isa = PBXContainerItemProxy;
			containerPortal = C84D17C81F71BAF700DDB0FB /* Project object */;
			proxyType = 1;
			remoteGlobalIDString = C84D17CF1F71BAF700DDB0FB;
			remoteInfo = ProjectOne;
		};
/* End PBXContainerItemProxy section */

/* Begin PBXFileReference section */
		C84D17D01F71BAF700DDB0FB /* ProjectOne.app */ = {isa = PBXFileReference; explicitFileType = wrapper.application; includeInIndex = 0; path = ProjectOne.app; sourceTree = BUILT_PRODUCTS_DIR; };
		C84D17D31F71BAF700DDB0FB /* AppDelegate.swift */ = {isa = PBXFileReference; lastKnownFileType = sourcecode.swift; path = AppDelegate.swift; sourceTree = "<group>"; };
		C84D17D51F71BAF700DDB0FB /* ViewController.swift */ = {isa = PBXFileReference; lastKnownFileType = sourcecode.swift; path = ViewController.swift; sourceTree = "<group>"; };
		C84D17D81F71BAF700DDB0FB /* Base */ = {isa = PBXFileReference; lastKnownFileType = file.storyboard; name = Base; path = Base.lproj/Main.storyboard; sourceTree = "<group>"; };
		C84D17DA1F71BAF700DDB0FB /* Assets.xcassets */ = {isa = PBXFileReference; lastKnownFileType = folder.assetcatalog; path = Assets.xcassets; sourceTree = "<group>"; };
		C84D17DD1F71BAF700DDB0FB /* Base */ = {isa = PBXFileReference; lastKnownFileType = file.storyboard; name = Base; path = Base.lproj/LaunchScreen.storyboard; sourceTree = "<group>"; };
		C84D17DF1F71BAF700DDB0FB /* Info.plist */ = {isa = PBXFileReference; lastKnownFileType = text.plist.xml; path = Info.plist; sourceTree = "<group>"; };
		C84D17E41F71BAF800DDB0FB /* ProjectOneTests.xctest */ = {isa = PBXFileReference; explicitFileType = wrapper.cfbundle; includeInIndex = 0; path = ProjectOneTests.xctest; sourceTree = BUILT_PRODUCTS_DIR; };
		C84D17E81F71BAF800DDB0FB /* ProjectOneTests.swift */ = {isa = PBXFileReference; lastKnownFileType = sourcecode.swift; path = ProjectOneTests.swift; sourceTree = "<group>"; };
		C84D17EA1F71BAF800DDB0FB /* Info.plist */ = {isa = PBXFileReference; lastKnownFileType = text.plist.xml; path = Info.plist; sourceTree = "<group>"; };
		C84D17EF1F71BAF800DDB0FB /* ProjectOneUITests.xctest */ = {isa = PBXFileReference; explicitFileType = wrapper.cfbundle; includeInIndex = 0; path = ProjectOneUITests.xctest; sourceTree = BUILT_PRODUCTS_DIR; };
		C84D17F31F71BAF800DDB0FB /* ProjectOneUITests.swift */ = {isa = PBXFileReference; lastKnownFileType = sourcecode.swift; path = ProjectOneUITests.swift; sourceTree = "<group>"; };
		C84D17F51F71BAF800DDB0FB /* Info.plist */ = {isa = PBXFileReference; lastKnownFileType = text.plist.xml; path = Info.plist; sourceTree = "<group>"; };
/* End PBXFileReference section */

/* Begin PBXFrameworksBuildPhase section */
		C84D17CD1F71BAF700DDB0FB /* Frameworks */ = {
			isa = PBXFrameworksBuildPhase;
			buildActionMask = 2147483647;
			files = (
			);
			runOnlyForDeploymentPostprocessing = 0;
		};
		C84D17E11F71BAF800DDB0FB /* Frameworks */ = {
			isa = PBXFrameworksBuildPhase;
			buildActionMask = 2147483647;
			files = (
			);
			runOnlyForDeploymentPostprocessing = 0;
		};
		C84D17EC1F71BAF800DDB0FB /* Frameworks */ = {
			isa = PBXFrameworksBuildPhase;
			buildActionMask = 2147483647;
			files = (
			);
			runOnlyForDeploymentPostprocessing = 0;
		};
/* End PBXFrameworksBuildPhase section */

/* Begin PBXGroup section */
		C84D17C71F71BAF700DDB0FB = {
			isa = PBXGroup;
			children = (
				C84D17D21F71BAF700DDB0FB /* ProjectOne */,
				C84D17E71F71BAF800DDB0FB /* ProjectOneTests */,
				C84D17F21F71BAF800DDB0FB /* ProjectOneUITests */,
				C84D17D11F71BAF700DDB0FB /* Products */,
			);
			sourceTree = "<group>";
		};
		C84D17D11F71BAF700DDB0FB /* Products */ = {
			isa = PBXGroup;
			children = (
				C84D17D01F71BAF700DDB0FB /* ProjectOne.app */,
				C84D17E41F71BAF800DDB0FB /* ProjectOneTests.xctest */,
				C84D17EF1F71BAF800DDB0FB /* ProjectOneUITests.xctest */,
			);
			name = Products;
			sourceTree = "<group>";
		};
		C84D17D21F71BAF700DDB0FB /* ProjectOne */ = {
			isa = PBXGroup;
			children = (
				C84D17D31F71BAF700DDB0FB /* AppDelegate.swift */,
				C84D17D51F71BAF700DDB0FB /* ViewController.swift */,
				C84D17D71F71BAF700DDB0FB /* Main.storyboard */,
				C84D17DA1F71BAF700DDB0FB /* Assets.xcassets */,
				C84D17DC1F71BAF700DDB0FB /* LaunchScreen.storyboard */,
				C84D17DF1F71BAF700DDB0FB /* Info.plist */,
			);
			path = ProjectOne;
			sourceTree = "<group>";
		};
		C84D17E71F71BAF800DDB0FB /* ProjectOneTests */ = {
			isa = PBXGroup;
			children = (
				C84D17E81F71BAF800DDB0FB /* ProjectOneTests.swift */,
				C84D17EA1F71BAF800DDB0FB /* Info.plist */,
			);
			path = ProjectOneTests;
			sourceTree = "<group>";
		};
		C84D17F21F71BAF800DDB0FB /* ProjectOneUITests */ = {
			isa = PBXGroup;
			children = (
				C84D17F31F71BAF800DDB0FB /* ProjectOneUITests.swift */,
				C84D17F51F71BAF800DDB0FB /* Info.plist */,
			);
			path = ProjectOneUITests;
			sourceTree = "<group>";
		};
/* End PBXGroup section */

/* Begin PBXNativeTarget section */
		C84D17CF1F71BAF700DDB0FB /* ProjectOne */ = {
			isa = PBXNativeTarget;
			buildConfigurationList = C84D17F81F71BAF800DDB0FB /* Build configuration list for PBXNativeTarget "ProjectOne" */;
			buildPhases = (
				C84D17CC1F71BAF700DDB0FB /* Sources */,
				C84D17CD1F71BAF700DDB0FB /* Frameworks */,
				C84D17CE1F71BAF700DDB0FB /* Resources */,
			);
			buildRules = (
			);
			dependencies = (
			);
			name = ProjectOne;
			productName = ProjectOne;
			productReference = C84D17D01F71BAF700DDB0FB /* ProjectOne.app */;
			productType = "com.apple.product-type.application";
		};
		C84D17E31F71BAF800DDB0FB /* ProjectOneTests */ = {
			isa = PBXNativeTarget;
			buildConfigurationList = C84D17FB1F71BAF800DDB0FB /* Build configuration list for PBXNativeTarget "ProjectOneTests" */;
			buildPhases = (
				C84D17E01F71BAF800DDB0FB /* Sources */,
				C84D17E11F71BAF800DDB0FB /* Frameworks */,
				C84D17E21F71BAF800DDB0FB /* Resources */,
			);
			buildRules = (
			);
			dependencies = (
				C84D17E61F71BAF800DDB0FB /* PBXTargetDependency */,
			);
			name = ProjectOneTests;
			productName = ProjectOneTests;
			productReference = C84D17E41F71BAF800DDB0FB /* ProjectOneTests.xctest */;
			productType = "com.apple.product-type.bundle.unit-test";
		};
		C84D17EE1F71BAF800DDB0FB /* ProjectOneUITests */ = {
			isa = PBXNativeTarget;
			buildConfigurationList = C84D17FE1F71BAF800DDB0FB /* Build configuration list for PBXNativeTarget "ProjectOneUITests" */;
			buildPhases = (
				C84D17EB1F71BAF800DDB0FB /* Sources */,
				C84D17EC1F71BAF800DDB0FB /* Frameworks */,
				C84D17ED1F71BAF800DDB0FB /* Resources */,
			);
			buildRules = (
			);
			dependencies = (
				C84D17F11F71BAF800DDB0FB /* PBXTargetDependency */,
			);
			name = ProjectOneUITests;
			productName = ProjectOneUITests;
			productReference = C84D17EF1F71BAF800DDB0FB /* ProjectOneUITests.xctest */;
			productType = "com.apple.product-type.bundle.ui-testing";
		};
/* End PBXNativeTarget section */

/* Begin PBXProject section */
		C84D17C81F71BAF700DDB0FB /* Project object */ = {
			isa = PBXProject;
			attributes = {
				LastSwiftUpdateCheck = 0830;
				LastUpgradeCheck = 0830;
				ORGANIZATIONNAME = jbaumann;
				TargetAttributes = {
					C84D17CF1F71BAF700DDB0FB = {
						CreatedOnToolsVersion = 8.3.3;
						ProvisioningStyle = Automatic;
					};
					C84D17E31F71BAF800DDB0FB = {
						CreatedOnToolsVersion = 8.3.3;
						ProvisioningStyle = Automatic;
						TestTargetID = C84D17CF1F71BAF700DDB0FB;
					};
					C84D17EE1F71BAF800DDB0FB = {
						CreatedOnToolsVersion = 8.3.3;
						ProvisioningStyle = Automatic;
						TestTargetID = C84D17CF1F71BAF700DDB0FB;
					};
				};
			};
			buildConfigurationList = C84D17CB1F71BAF700DDB0FB /* Build configuration list for PBXProject "ProjectOne" */;
			compatibilityVersion = "Xcode 3.2";
			developmentRegion = English;
			hasScannedForEncodings = 0;
			knownRegions = (
				en,
				Base,
			);
			mainGroup = C84D17C71F71BAF700DDB0FB;
			productRefGroup = C84D17D11F71BAF700DDB0FB /* Products */;
			projectDirPath = "";
			projectRoot = "";
			targets = (
				C84D17CF1F71BAF700DDB0FB /* ProjectOne */,
				C84D17E31F71BAF800DDB0FB /* ProjectOneTests */,
				C84D17EE1F71BAF800DDB0FB /* ProjectOneUITests */,
			);
		};
/* End PBXProject section */

/* Begin PBXResourcesBuildPhase section */
		C84D17CE1F71BAF700DDB0FB /* Resources */ = {
			isa = PBXResourcesBuildPhase;
			buildActionMask = 2147483647;
			files = (
				C84D17DE1F71BAF700DDB0FB /* LaunchScreen.storyboard in Resources */,
				C84D17DB1F71BAF700DDB0FB /* Assets.xcassets in Resources */,
				C84D17D91F71BAF700DDB0FB /* Main.storyboard in Resources */,
			);
			runOnlyForDeploymentPostprocessing = 0;
		};
		C84D17E21F71BAF800DDB0FB /* Resources */ = {
			isa = PBXResourcesBuildPhase;
			buildActionMask = 2147483647;
			files = (
			);
			runOnlyForDeploymentPostprocessing = 0;
		};
		C84D17ED1F71BAF800DDB0FB /* Resources */ = {
			isa = PBXResourcesBuildPhase;
			buildActionMask = 2147483647;
			files = (
			);
			runOnlyForDeploymentPostprocessing = 0;
		};
/* End PBXResourcesBuildPhase section */

/* Begin PBXSourcesBuildPhase section */
		C84D17CC1F71BAF700DDB0FB /* Sources */ = {
			isa = PBXSourcesBuildPhase;
			buildActionMask = 2147483647;
			files = (
				C84D17D61F71BAF700DDB0FB /* ViewController.swift in Sources */,
				C84D17D41F71BAF700DDB0FB /* AppDelegate.swift in Sources */,
			);
			runOnlyForDeploymentPostprocessing = 0;
		};
		C84D17E01F71BAF800DDB0FB /* Sources */ = {
			isa = PBXSourcesBuildPhase;
			buildActionMask = 2147483647;
			files = (
				C84D17E91F71BAF800DDB0FB /* ProjectOneTests.swift in Sources */,
			);
			runOnlyForDeploymentPostprocessing = 0;
		};
		C84D17EB1F71BAF800DDB0FB /* Sources */ = {
			isa = PBXSourcesBuildPhase;
			buildActionMask = 2147483647;
			files = (
				C84D17F41F71BAF800DDB0FB /* ProjectOneUITests.swift in Sources */,
			);
			runOnlyForDeploymentPostprocessing = 0;
		};
/* End PBXSourcesBuildPhase section */

/* Begin PBXTargetDependency section */
		C84D17E61F71BAF800DDB0FB /* PBXTargetDependency */ = {
			isa = PBXTargetDependency;
			target = C84D17CF1F71BAF700DDB0FB /* ProjectOne */;
			targetProxy = C84D17E51F71BAF800DDB0FB /* PBXContainerItemProxy */;
		};
		C84D17F11F71BAF800DDB0FB /* PBXTargetDependency */ = {
			isa = PBXTargetDependency;
			target = C84D17CF1F71BAF700DDB0FB /* ProjectOne */;
			targetProxy = C84D17F01F71BAF800DDB0FB /* PBXContainerItemProxy */;
		};
/* End PBXTargetDependency section */

/* Begin PBXVariantGroup section */
		C84D17D71F71BAF700DDB0FB /* Main.storyboard */ = {
			isa = PBXVariantGroup;
			children = (
				C84D17D81F71BAF700DDB0FB /* Base */,
			);
			name = Main.storyboard;
			sourceTree = "<group>";
		};
		C84D17DC1F71BAF700DDB0FB /* LaunchScreen.storyboard */ = {
			isa = PBXVariantGroup;
			children = (
				C84D17DD1F71BAF700DDB0FB /* Base */,
			);
			name = LaunchScreen.storyboard;
			sourceTree = "<group>";
		};
/* End PBXVariantGroup section */

/* Begin XCBuildConfiguration section */
		C84D17F61F71BAF800DDB0FB /* Debug */ = {
			isa = XCBuildConfiguration;
			buildSettings = {
				ALWAYS_SEARCH_USER_PATHS = NO;
				CLANG_ANALYZER_NONNULL = YES;
				CLANG_ANALYZER_NUMBER_OBJECT_CONVERSION = YES_AGGRESSIVE;
				CLANG_CXX_LANGUAGE_STANDARD = "gnu++0x";
				CLANG_CXX_LIBRARY = "libc++";
				CLANG_ENABLE_MODULES = YES;
				CLANG_ENABLE_OBJC_ARC = YES;
				CLANG_WARN_BOOL_CONVERSION = YES;
				CLANG_WARN_CONSTANT_CONVERSION = YES;
				CLANG_WARN_DIRECT_OBJC_ISA_USAGE = YES_ERROR;
				CLANG_WARN_DOCUMENTATION_COMMENTS = YES;
				CLANG_WARN_EMPTY_BODY = YES;
				CLANG_WARN_ENUM_CONVERSION = YES;
				CLANG_WARN_INFINITE_RECURSION = YES;
				CLANG_WARN_INT_CONVERSION = YES;
				CLANG_WARN_OBJC_ROOT_CLASS = YES_ERROR;
				CLANG_WARN_SUSPICIOUS_MOVE = YES;
				CLANG_WARN_UNREACHABLE_CODE = YES;
				CLANG_WARN__DUPLICATE_METHOD_MATCH = YES;
				"CODE_SIGN_IDENTITY[sdk=iphoneos*]" = "iPhone Developer";
				COPY_PHASE_STRIP = NO;
				DEBUG_INFORMATION_FORMAT = dwarf;
				ENABLE_STRICT_OBJC_MSGSEND = YES;
				ENABLE_TESTABILITY = YES;
				GCC_C_LANGUAGE_STANDARD = gnu99;
				GCC_DYNAMIC_NO_PIC = NO;
				GCC_NO_COMMON_BLOCKS = YES;
				GCC_OPTIMIZATION_LEVEL = 0;
				GCC_PREPROCESSOR_DEFINITIONS = (
					"DEBUG=1",
					"$(inherited)",
				);
				GCC_WARN_64_TO_32_BIT_CONVERSION = YES;
				GCC_WARN_ABOUT_RETURN_TYPE = YES_ERROR;
				GCC_WARN_UNDECLARED_SELECTOR = YES;
				GCC_WARN_UNINITIALIZED_AUTOS = YES_AGGRESSIVE;
				GCC_WARN_UNUSED_FUNCTION = YES;
				GCC_WARN_UNUSED_VARIABLE = YES;
				IPHONEOS_DEPLOYMENT_TARGET = 10.3;
				MTL_ENABLE_DEBUG_INFO = YES;
				ONLY_ACTIVE_ARCH = YES;
				SDKROOT = iphoneos;
				SWIFT_ACTIVE_COMPILATION_CONDITIONS = DEBUG;
				SWIFT_OPTIMIZATION_LEVEL = "-Onone";
				TARGETED_DEVICE_FAMILY = "1,2";
			};
			name = Debug;
		};
		C84D17F71F71BAF800DDB0FB /* Release */ = {
			isa = XCBuildConfiguration;
			buildSettings = {
				ALWAYS_SEARCH_USER_PATHS = NO;
				CLANG_ANALYZER_NONNULL = YES;
				CLANG_ANALYZER_NUMBER_OBJECT_CONVERSION = YES_AGGRESSIVE;
				CLANG_CXX_LANGUAGE_STANDARD = "gnu++0x";
				CLANG_CXX_LIBRARY = "libc++";
				CLANG_ENABLE_MODULES = YES;
				CLANG_ENABLE_OBJC_ARC = YES;
				CLANG_WARN_BOOL_CONVERSION = YES;
				CLANG_WARN_CONSTANT_CONVERSION = YES;
				CLANG_WARN_DIRECT_OBJC_ISA_USAGE = YES_ERROR;
				CLANG_WARN_DOCUMENTATION_COMMENTS = YES;
				CLANG_WARN_EMPTY_BODY = YES;
				CLANG_WARN_ENUM_CONVERSION = YES;
				CLANG_WARN_INFINITE_RECURSION = YES;
				CLANG_WARN_INT_CONVERSION = YES;
				CLANG_WARN_OBJC_ROOT_CLASS = YES_ERROR;
				CLANG_WARN_SUSPICIOUS_MOVE = YES;
				CLANG_WARN_UNREACHABLE_CODE = YES;
				CLANG_WARN__DUPLICATE_METHOD_MATCH = YES;
				"CODE_SIGN_IDENTITY[sdk=iphoneos*]" = "iPhone Developer";
				COPY_PHASE_STRIP = NO;
				DEBUG_INFORMATION_FORMAT = "dwarf-with-dsym";
				ENABLE_NS_ASSERTIONS = NO;
				ENABLE_STRICT_OBJC_MSGSEND = YES;
				GCC_C_LANGUAGE_STANDARD = gnu99;
				GCC_NO_COMMON_BLOCKS = YES;
				GCC_WARN_64_TO_32_BIT_CONVERSION = YES;
				GCC_WARN_ABOUT_RETURN_TYPE = YES_ERROR;
				GCC_WARN_UNDECLARED_SELECTOR = YES;
				GCC_WARN_UNINITIALIZED_AUTOS = YES_AGGRESSIVE;
				GCC_WARN_UNUSED_FUNCTION = YES;
				GCC_WARN_UNUSED_VARIABLE = YES;
				IPHONEOS_DEPLOYMENT_TARGET = 10.3;
				MTL_ENABLE_DEBUG_INFO = NO;
				SDKROOT = iphoneos;
				SWIFT_OPTIMIZATION_LEVEL = "-Owholemodule";
				TARGETED_DEVICE_FAMILY = "1,2";
				VALIDATE_PRODUCT = YES;
			};
			name = Release;
		};
		C84D17F91F71BAF800DDB0FB /* Debug */ = {
			isa = XCBuildConfiguration;
			buildSettings = {
				ASSETCATALOG_COMPILER_APPICON_NAME = AppIcon;
				INFOPLIST_FILE = ProjectOne/Info.plist;
				LD_RUNPATH_SEARCH_PATHS = "$(inherited) @executable_path/Frameworks";
				PRODUCT_BUNDLE_IDENTIFIER = jbaumann.ProjectOne;
				PRODUCT_NAME = "$(TARGET_NAME)";
				SWIFT_VERSION = 3.0;
			};
			name = Debug;
		};
		C84D17FA1F71BAF800DDB0FB /* Release */ = {
			isa = XCBuildConfiguration;
			buildSettings = {
				ASSETCATALOG_COMPILER_APPICON_NAME = AppIcon;
				INFOPLIST_FILE = ProjectOne/Info.plist;
				LD_RUNPATH_SEARCH_PATHS = "$(inherited) @executable_path/Frameworks";
				PRODUCT_BUNDLE_IDENTIFIER = jbaumann.ProjectOne;
				PRODUCT_NAME = "$(TARGET_NAME)";
				SWIFT_VERSION = 3.0;
			};
			name = Release;
		};
		C84D17FC1F71BAF800DDB0FB /* Debug */ = {
			isa = XCBuildConfiguration;
			buildSettings = {
				ALWAYS_EMBED_SWIFT_STANDARD_LIBRARIES = YES;
				BUNDLE_LOADER = "$(TEST_HOST)";
				INFOPLIST_FILE = ProjectOneTests/Info.plist;
				LD_RUNPATH_SEARCH_PATHS = "$(inherited) @executable_path/Frameworks @loader_path/Frameworks";
				PRODUCT_BUNDLE_IDENTIFIER = jbaumann.ProjectOneTests;
				PRODUCT_NAME = "$(TARGET_NAME)";
				SWIFT_VERSION = 3.0;
				TEST_HOST = "$(BUILT_PRODUCTS_DIR)/ProjectOne.app/ProjectOne";
			};
			name = Debug;
		};
		C84D17FD1F71BAF800DDB0FB /* Release */ = {
			isa = XCBuildConfiguration;
			buildSettings = {
				ALWAYS_EMBED_SWIFT_STANDARD_LIBRARIES = YES;
				BUNDLE_LOADER = "$(TEST_HOST)";
				INFOPLIST_FILE = ProjectOneTests/Info.plist;
				LD_RUNPATH_SEARCH_PATHS = "$(inherited) @executable_path/Frameworks @loader_path/Frameworks";
				PRODUCT_BUNDLE_IDENTIFIER = jbaumann.ProjectOneTests;
				PRODUCT_NAME = "$(TARGET_NAME)";
				SWIFT_VERSION = 3.0;
				TEST_HOST = "$(BUILT_PRODUCTS_DIR)/ProjectOne.app/ProjectOne";
			};
			name = Release;
		};
		C84D17FF1F71BAF800DDB0FB /* Debug */ = {
			isa = XCBuildConfiguration;
			buildSettings = {
				ALWAYS_EMBED_SWIFT_STANDARD_LIBRARIES = YES;
				INFOPLIST_FILE = ProjectOneUITests/Info.plist;
				LD_RUNPATH_SEARCH_PATHS = "$(inherited) @executable_path/Frameworks @loader_path/Frameworks";
				PRODUCT_BUNDLE_IDENTIFIER = jbaumann.ProjectOneUITests;
				PRODUCT_NAME = "$(TARGET_NAME)";
				SWIFT_VERSION = 3.0;
				TEST_TARGET_NAME = ProjectOne;
			};
			name = Debug;
		};
		C84D18001F71BAF800DDB0FB /* Release */ = {
			isa = XCBuildConfiguration;
			buildSettings = {
				ALWAYS_EMBED_SWIFT_STANDARD_LIBRARIES = YES;
				INFOPLIST_FILE = ProjectOneUITests/Info.plist;
				LD_RUNPATH_SEARCH_PATHS = "$(inherited) @executable_path/Frameworks @loader_path/Frameworks";
				PRODUCT_BUNDLE_IDENTIFIER = jbaumann.ProjectOneUITests;
				PRODUCT_NAME = "$(TARGET_NAME)";
				SWIFT_VERSION = 3.0;
				TEST_TARGET_NAME = ProjectOne;
			};
			name = Release;
		};
/* End XCBuildConfiguration section */

/* Begin XCConfigurationList section */
		C84D17CB1F71BAF700DDB0FB /* Build configuration list for PBXProject "ProjectOne" */ = {
			isa = XCConfigurationList;
			buildConfigurations = (
				C84D17F61F71BAF800DDB0FB /* Debug */,
				C84D17F71F71BAF800DDB0FB /* Release */,
			);
			defaultConfigurationIsVisible = 0;
			defaultConfigurationName = Release;
		};
		C84D17F81F71BAF800DDB0FB /* Build configuration list for PBXNativeTarget "ProjectOne" */ = {
			isa = XCConfigurationList;
			buildConfigurations = (
				C84D17F91F71BAF800DDB0FB /* Debug */,
				C84D17FA1F71BAF800DDB0FB /* Release */,
			);
			defaultConfigurationIsVisible = 0;
		};
		C84D17FB1F71BAF800DDB0FB /* Build configuration list for PBXNativeTarget "ProjectOneTests" */ = {
			isa = XCConfigurationList;
			buildConfigurations = (
				C84D17FC1F71BAF800DDB0FB /* Debug */,
				C84D17FD1F71BAF800DDB0FB /* Release */,
			);
			defaultConfigurationIsVisible = 0;
		};
		C84D17FE1F71BAF800DDB0FB /* Build configuration list for PBXNativeTarget "ProjectOneUITests" */ = {
			isa = XCConfigurationList;
			buildConfigurations = (
				C84D17FF1F71BAF800DDB0FB /* Debug */,
				C84D18001F71BAF800DDB0FB /* Release */,
			);
			defaultConfigurationIsVisible = 0;
		};
/* End XCConfigurationList section */
	};
	rootObject = C84D17C81F71BAF700DDB0FB /* Project object */;
}
